
Microsoft Visual Studio Solution File, Format Version 12.00
# Visual Studio 2013
VisualStudioVersion = 12.0.40629.0
MinimumVisualStudioVersion = 10.0.40219.1
Project("{FAE04EC0-301F-11D3-BF4B-00C04F79EFBC}") = "COMP123 - S2016 - Lesson2", "COMP123 - S2016 - Lesson2\COMP123 - S2016 - Lesson2.csproj", "{1A013256-976C-46D9-BF71-70493F8766AB}"
EndProject
Project("{FAE04EC0-301F-11D3-BF4B-00C04F79EFBC}") = "UnitTestForLesson2", "UnitTestForLesson2\UnitTestForLesson2.csproj", "{ADE2DBB3-C277-4B42-B223-66195B23133D}"
EndProject
Global
	GlobalSection(SolutionConfigurationPlatforms) = preSolution
		Debug|Any CPU = Debug|Any CPU
		Release|Any CPU = Release|Any CPU
	EndGlobalSection
	GlobalSection(ProjectConfigurationPlatforms) = postSolution
		{1A013256-976C-46D9-BF71-70493F8766AB}.Debug|Any CPU.ActiveCfg = Debug|Any CPU
		{1A013256-976C-46D9-BF71-70493F8766AB}.Debug|Any CPU.Build.0 = Debug|Any CPU
		{1A013256-976C-46D9-BF71-70493F8766AB}.Release|Any CPU.ActiveCfg = Release|Any CPU
		{1A013256-976C-46D9-BF71-70493F8766AB}.Release|Any CPU.Build.0 = Release|Any CPU
		{ADE2DBB3-C277-4B42-B223-66195B23133D}.Debug|Any CPU.ActiveCfg = Debug|Any CPU
		{ADE2DBB3-C277-4B42-B223-66195B23133D}.Debug|Any CPU.Build.0 = Debug|Any CPU
		{ADE2DBB3-C277-4B42-B223-66195B23133D}.Release|Any CPU.ActiveCfg = Release|Any CPU
		{ADE2DBB3-C277-4B42-B223-66195B23133D}.Release|Any CPU.Build.0 = Release|Any CPU
	EndGlobalSection
	GlobalSection(SolutionProperties) = preSolution
		HideSolutionNode = FALSE
	EndGlobalSection
EndGlobal
